<?xml version="1.0" encoding="utf-8"?>
<Project ToolsVersion="4.0" xmlns="http://schemas.microsoft.com/developer/msbuild/2003">
  <ItemGroup>
    <Filter Include="源文件">
      <UniqueIdentifier>{4FC737F1-C7A5-4376-A066-2A32D752A2FF}</UniqueIdentifier>
      <Extensions>cpp;c;cc;cxx;c++;cppm;ixx;def;odl;idl;hpj;bat;asm;asmx</Extensions>
    </Filter>
    <Filter Include="头文件">
      <UniqueIdentifier>{93995380-89BD-4b04-88EB-625FBE52EBFB}</UniqueIdentifier>
      <Extensions>h;hh;hpp;hxx;h++;hm;inl;inc;ipp;xsd</Extensions>
    </Filter>
    <Filter Include="资源文件">
      <UniqueIdentifier>{67DA6AB6-F800-4c08-8B7A-83BB121AAD01}</UniqueIdentifier>
      <Extensions>rc;ico;cur;bmp;dlg;rc2;rct;bin;rgs;gif;jpg;jpeg;jpe;resx;tiff;tif;png;wav;mfcribbon-ms</Extensions>
    </Filter>
    <Filter Include="源文件\sxer">
      <UniqueIdentifier>{ac51adaf-9f8f-4ded-a52f-9c24561869ef}</UniqueIdentifier>
    </Filter>
    <Filter Include="源文件\Oct">
      <UniqueIdentifier>{f6906f07-ab95-4ed2-9c46-590a74a1d29c}</UniqueIdentifier>
    </Filter>
    <Filter Include="源文件\text">
      <UniqueIdentifier>{6d55e4b2-ba14-4908-9e40-d867bd8cbffe}</UniqueIdentifier>
    </Filter>
  </ItemGroup>
  <ItemGroup>
    <ClCompile Include="exer.c">
      <Filter>源文件\sxer</Filter>
    </ClCompile>
    <ClCompile Include="Oct.c">
      <Filter>源文件\Oct</Filter>
    </ClCompile>
    <ClCompile Include="text.c">
      <Filter>源文件\text</Filter>
    </ClCompile>
  </ItemGroup>
</Project>